
Microsoft Visual Studio Solution File, Format Version 12.00
# Visual Studio Version 17
VisualStudioVersion = 17.11.35303.130
MinimumVisualStudioVersion = 10.0.40219.1
Project("{2150E333-8FDC-42A3-9474-1A3956D46DE8}") = "Task0", "Task0", "{066B0DA4-C07C-4F6F-A707-0943826B73A5}"
EndProject
Project("{9A19103F-16F7-4668-BE54-9A1E7A4F7556}") = "Tyuiu.VasilevNV.Sprint6.Task0.V7.Lib", "Tyuiu.VasilevNV.Sprint6.Task0.V7.Lib\Tyuiu.VasilevNV.Sprint6.Task0.V7.Lib.csproj", "{89854676-501C-45AA-BF2E-BA500BC4CA72}"
EndProject
Project("{9A19103F-16F7-4668-BE54-9A1E7A4F7556}") = "Tyuiu.VasilevNV.Sprint6.Task0.V7.Test", "Tyuiu.VasilevNV.Sprint6.Task0.V7.Test\Tyuiu.VasilevNV.Sprint6.Task0.V7.Test.csproj", "{2FC8AB03-D360-4F4E-9823-28A2012675A5}"
EndProject
Project("{FAE04EC0-301F-11D3-BF4B-00C04F79EFBC}") = "Tyuiu.VasilevNV.Sprint6.Task0.V7", "Tyuiu.VasilevNV.Sprint6.Task0.V7\Tyuiu.VasilevNV.Sprint6.Task0.V7.csproj", "{C3585E0B-78F6-46A4-9906-0266126F1DA1}"
EndProject
Project("{2150E333-8FDC-42A3-9474-1A3956D46DE8}") = "Task1", "Task1", "{AE056BE9-5D0A-429B-B52C-E6EC73417A7C}"
EndProject
Project("{9A19103F-16F7-4668-BE54-9A1E7A4F7556}") = "Tyuiu.VasilevNV.Sprint6.Task1.V17.Lib", "Tyuiu.VasilevNV.Sprint6.Task1.V17.Lib\Tyuiu.VasilevNV.Sprint6.Task1.V17.Lib.csproj", "{6A31543E-D122-468F-A82A-DDA4BCBD42EF}"
EndProject
Project("{9A19103F-16F7-4668-BE54-9A1E7A4F7556}") = "Tyuiu.VasilevNV.Sprint6.Task1.V17.Test", "Tyuiu.VasilevNV.Sprint6.Task1.V17.Test\Tyuiu.VasilevNV.Sprint6.Task1.V17.Test.csproj", "{81B2DF63-50AE-4085-A73A-B9D206BE00B5}"
EndProject
Project("{FAE04EC0-301F-11D3-BF4B-00C04F79EFBC}") = "Tyuiu.VasilevNV.Sprint6.Task1.V17", "Tyuiu.VasilevNV.Sprint6.Task1.V17\Tyuiu.VasilevNV.Sprint6.Task1.V17.csproj", "{92C16112-FC2D-487A-B9A0-097912200B51}"
EndProject
Project("{2150E333-8FDC-42A3-9474-1A3956D46DE8}") = "Task2", "Task2", "{FB2F1812-1F45-42B7-9B09-444CC99852A1}"
EndProject
Project("{9A19103F-16F7-4668-BE54-9A1E7A4F7556}") = "Tyuiu.VasilevNV.Sprint6.Task2.V15.Lib", "Tyuiu.VasilevNV.Sprint6.Task2.V15.Lib\Tyuiu.VasilevNV.Sprint6.Task2.V15.Lib.csproj", "{EE785B01-68DE-47A6-829F-B6DD55016493}"
EndProject
Project("{9A19103F-16F7-4668-BE54-9A1E7A4F7556}") = "Tyuiu.VasilevNV.Sprint6.Task2.V15.Test", "Tyuiu.VasilevNV.Sprint6.Task2.V15.Test\Tyuiu.VasilevNV.Sprint6.Task2.V15.Test.csproj", "{EE98D3C5-A105-4DE7-BA36-5C7A24DFD7DE}"
EndProject
Project("{FAE04EC0-301F-11D3-BF4B-00C04F79EFBC}") = "Tyuiu.VasilevNV.Sprint6.Task2.V15", "Tyuiu.VasilevNV.Sprint6.Task2.V15\Tyuiu.VasilevNV.Sprint6.Task2.V15.csproj", "{6DF79729-8445-46AC-B7A0-23F8EC20FE58}"
EndProject
Project("{2150E333-8FDC-42A3-9474-1A3956D46DE8}") = "Task3", "Task3", "{55803837-EA53-4885-B6B9-BEF20BF2EAB0}"
EndProject
Project("{9A19103F-16F7-4668-BE54-9A1E7A4F7556}") = "Tyuiu.VasilevNV.Sprint6.Task3.V4.Lib", "Tyuiu.VasilevNV.Sprint6.Task3.V4.Lib\Tyuiu.VasilevNV.Sprint6.Task3.V4.Lib.csproj", "{71A1A2A9-FF0E-464E-9A5A-86D3BCE8A9D1}"
EndProject
Project("{9A19103F-16F7-4668-BE54-9A1E7A4F7556}") = "Tyuiu.VasilevNV.Sprint6.Task3.V4.Test", "Tyuiu.VasilevNV.Sprint6.Task3.V4.Test\Tyuiu.VasilevNV.Sprint6.Task3.V4.Test.csproj", "{B34840D9-931A-4519-B5D0-042357637D91}"
EndProject
Project("{2150E333-8FDC-42A3-9474-1A3956D46DE8}") = "Task4", "Task4", "{4523EF96-808C-44A9-B4E1-811B1AB4DBAF}"
EndProject
Project("{FAE04EC0-301F-11D3-BF4B-00C04F79EFBC}") = "Tyuiu.VasilevNV.Sprint6.Task3.V4", "Tyuiu.VasilevNV.Sprint6.Task3.V4\Tyuiu.VasilevNV.Sprint6.Task3.V4.csproj", "{D98D4643-1A8C-4BEF-B4D2-1CF7F40F1081}"
EndProject
Project("{FAE04EC0-301F-11D3-BF4B-00C04F79EFBC}") = "Tyuiu.VasilevNV.Sprint6.Task4.V18.Lib", "Tyuiu.VasilevNV.Sprint6.Task4.V18.Lib\Tyuiu.VasilevNV.Sprint6.Task4.V18.Lib.csproj", "{EF0E628D-9174-4482-959C-F50B3E062CC7}"
EndProject
Project("{FAE04EC0-301F-11D3-BF4B-00C04F79EFBC}") = "Tyuiu.VasilevNV.Sprint6.Task4.V18.Test", "Tyuiu.VasilevNV.Sprint6.Task4.V18.Test\Tyuiu.VasilevNV.Sprint6.Task4.V18.Test.csproj", "{513AA74A-AA5A-4898-9645-2E34F4E6A75E}"
EndProject
Project("{FAE04EC0-301F-11D3-BF4B-00C04F79EFBC}") = "Tyuiu.VasilevNV.Sprint6.Task4.V18", "Tyuiu.VasilevNV.Sprint6.Task4.V18\Tyuiu.VasilevNV.Sprint6.Task4.V18.csproj", "{EAE26A4A-8537-4687-A2D6-EA475358F47A}"
EndProject
Project("{2150E333-8FDC-42A3-9474-1A3956D46DE8}") = "Task5", "Task5", "{5AFADC9D-C8D2-4112-9714-AB243AC7A0FD}"
EndProject
Project("{FAE04EC0-301F-11D3-BF4B-00C04F79EFBC}") = "Tyuiu.VasilevNV.Sprint6.Task5.V28.Lib", "Tyuiu.VasilevNV.Sprint6.Task5.V28.Lib\Tyuiu.VasilevNV.Sprint6.Task5.V28.Lib.csproj", "{0FD9FCA3-A70F-4412-A9DA-0545D291D50C}"
EndProject
Project("{FAE04EC0-301F-11D3-BF4B-00C04F79EFBC}") = "Tyuiu.VasilevNV.Sprint6.Task5.V28.Test", "Tyuiu.VasilevNV.Sprint6.Task5.V28.Test\Tyuiu.VasilevNV.Sprint6.Task5.V28.Test.csproj", "{99EBEED6-E0D2-40E6-BC42-31D0BECFE96C}"
EndProject
Project("{FAE04EC0-301F-11D3-BF4B-00C04F79EFBC}") = "Tyuiu.VasilevNV.Sprint6.Task5.V28", "Tyuiu.VasilevNV.Sprint6.Task5.V28\Tyuiu.VasilevNV.Sprint6.Task5.V28.csproj", "{CA5C23A8-4908-411E-8495-12170E3BACF3}"
EndProject
Global
	GlobalSection(SolutionConfigurationPlatforms) = preSolution
		Debug|Any CPU = Debug|Any CPU
		Release|Any CPU = Release|Any CPU
	EndGlobalSection
	GlobalSection(ProjectConfigurationPlatforms) = postSolution
		{89854676-501C-45AA-BF2E-BA500BC4CA72}.Debug|Any CPU.ActiveCfg = Debug|Any CPU
		{89854676-501C-45AA-BF2E-BA500BC4CA72}.Debug|Any CPU.Build.0 = Debug|Any CPU
		{89854676-501C-45AA-BF2E-BA500BC4CA72}.Release|Any CPU.ActiveCfg = Release|Any CPU
		{89854676-501C-45AA-BF2E-BA500BC4CA72}.Release|Any CPU.Build.0 = Release|Any CPU
		{2FC8AB03-D360-4F4E-9823-28A2012675A5}.Debug|Any CPU.ActiveCfg = Debug|Any CPU
		{2FC8AB03-D360-4F4E-9823-28A2012675A5}.Debug|Any CPU.Build.0 = Debug|Any CPU
		{2FC8AB03-D360-4F4E-9823-28A2012675A5}.Release|Any CPU.ActiveCfg = Release|Any CPU
		{2FC8AB03-D360-4F4E-9823-28A2012675A5}.Release|Any CPU.Build.0 = Release|Any CPU
		{C3585E0B-78F6-46A4-9906-0266126F1DA1}.Debug|Any CPU.ActiveCfg = Debug|Any CPU
		{C3585E0B-78F6-46A4-9906-0266126F1DA1}.Debug|Any CPU.Build.0 = Debug|Any CPU
		{C3585E0B-78F6-46A4-9906-0266126F1DA1}.Release|Any CPU.ActiveCfg = Release|Any CPU
		{C3585E0B-78F6-46A4-9906-0266126F1DA1}.Release|Any CPU.Build.0 = Release|Any CPU
		{6A31543E-D122-468F-A82A-DDA4BCBD42EF}.Debug|Any CPU.ActiveCfg = Debug|Any CPU
		{6A31543E-D122-468F-A82A-DDA4BCBD42EF}.Debug|Any CPU.Build.0 = Debug|Any CPU
		{6A31543E-D122-468F-A82A-DDA4BCBD42EF}.Release|Any CPU.ActiveCfg = Release|Any CPU
		{6A31543E-D122-468F-A82A-DDA4BCBD42EF}.Release|Any CPU.Build.0 = Release|Any CPU
		{81B2DF63-50AE-4085-A73A-B9D206BE00B5}.Debug|Any CPU.ActiveCfg = Debug|Any CPU
		{81B2DF63-50AE-4085-A73A-B9D206BE00B5}.Debug|Any CPU.Build.0 = Debug|Any CPU
		{81B2DF63-50AE-4085-A73A-B9D206BE00B5}.Release|Any CPU.ActiveCfg = Release|Any CPU
		{81B2DF63-50AE-4085-A73A-B9D206BE00B5}.Release|Any CPU.Build.0 = Release|Any CPU
		{92C16112-FC2D-487A-B9A0-097912200B51}.Debug|Any CPU.ActiveCfg = Debug|Any CPU
		{92C16112-FC2D-487A-B9A0-097912200B51}.Debug|Any CPU.Build.0 = Debug|Any CPU
		{92C16112-FC2D-487A-B9A0-097912200B51}.Release|Any CPU.ActiveCfg = Release|Any CPU
		{92C16112-FC2D-487A-B9A0-097912200B51}.Release|Any CPU.Build.0 = Release|Any CPU
		{EE785B01-68DE-47A6-829F-B6DD55016493}.Debug|Any CPU.ActiveCfg = Debug|Any CPU
		{EE785B01-68DE-47A6-829F-B6DD55016493}.Debug|Any CPU.Build.0 = Debug|Any CPU
		{EE785B01-68DE-47A6-829F-B6DD55016493}.Release|Any CPU.ActiveCfg = Release|Any CPU
		{EE785B01-68DE-47A6-829F-B6DD55016493}.Release|Any CPU.Build.0 = Release|Any CPU
		{EE98D3C5-A105-4DE7-BA36-5C7A24DFD7DE}.Debug|Any CPU.ActiveCfg = Debug|Any CPU
		{EE98D3C5-A105-4DE7-BA36-5C7A24DFD7DE}.Debug|Any CPU.Build.0 = Debug|Any CPU
		{EE98D3C5-A105-4DE7-BA36-5C7A24DFD7DE}.Release|Any CPU.ActiveCfg = Release|Any CPU
		{EE98D3C5-A105-4DE7-BA36-5C7A24DFD7DE}.Release|Any CPU.Build.0 = Release|Any CPU
		{6DF79729-8445-46AC-B7A0-23F8EC20FE58}.Debug|Any CPU.ActiveCfg = Debug|Any CPU
		{6DF79729-8445-46AC-B7A0-23F8EC20FE58}.Debug|Any CPU.Build.0 = Debug|Any CPU
		{6DF79729-8445-46AC-B7A0-23F8EC20FE58}.Release|Any CPU.ActiveCfg = Release|Any CPU
		{6DF79729-8445-46AC-B7A0-23F8EC20FE58}.Release|Any CPU.Build.0 = Release|Any CPU
		{71A1A2A9-FF0E-464E-9A5A-86D3BCE8A9D1}.Debug|Any CPU.ActiveCfg = Debug|Any CPU
		{71A1A2A9-FF0E-464E-9A5A-86D3BCE8A9D1}.Debug|Any CPU.Build.0 = Debug|Any CPU
		{71A1A2A9-FF0E-464E-9A5A-86D3BCE8A9D1}.Release|Any CPU.ActiveCfg = Release|Any CPU
		{71A1A2A9-FF0E-464E-9A5A-86D3BCE8A9D1}.Release|Any CPU.Build.0 = Release|Any CPU
		{B34840D9-931A-4519-B5D0-042357637D91}.Debug|Any CPU.ActiveCfg = Debug|Any CPU
		{B34840D9-931A-4519-B5D0-042357637D91}.Debug|Any CPU.Build.0 = Debug|Any CPU
		{B34840D9-931A-4519-B5D0-042357637D91}.Release|Any CPU.ActiveCfg = Release|Any CPU
		{B34840D9-931A-4519-B5D0-042357637D91}.Release|Any CPU.Build.0 = Release|Any CPU
		{D98D4643-1A8C-4BEF-B4D2-1CF7F40F1081}.Debug|Any CPU.ActiveCfg = Debug|Any CPU
		{D98D4643-1A8C-4BEF-B4D2-1CF7F40F1081}.Debug|Any CPU.Build.0 = Debug|Any CPU
		{D98D4643-1A8C-4BEF-B4D2-1CF7F40F1081}.Release|Any CPU.ActiveCfg = Release|Any CPU
		{D98D4643-1A8C-4BEF-B4D2-1CF7F40F1081}.Release|Any CPU.Build.0 = Release|Any CPU
		{EF0E628D-9174-4482-959C-F50B3E062CC7}.Debug|Any CPU.ActiveCfg = Debug|Any CPU
		{EF0E628D-9174-4482-959C-F50B3E062CC7}.Debug|Any CPU.Build.0 = Debug|Any CPU
		{EF0E628D-9174-4482-959C-F50B3E062CC7}.Release|Any CPU.ActiveCfg = Release|Any CPU
		{EF0E628D-9174-4482-959C-F50B3E062CC7}.Release|Any CPU.Build.0 = Release|Any CPU
		{513AA74A-AA5A-4898-9645-2E34F4E6A75E}.Debug|Any CPU.ActiveCfg = Debug|Any CPU
		{513AA74A-AA5A-4898-9645-2E34F4E6A75E}.Debug|Any CPU.Build.0 = Debug|Any CPU
		{513AA74A-AA5A-4898-9645-2E34F4E6A75E}.Release|Any CPU.ActiveCfg = Release|Any CPU
		{513AA74A-AA5A-4898-9645-2E34F4E6A75E}.Release|Any CPU.Build.0 = Release|Any CPU
		{EAE26A4A-8537-4687-A2D6-EA475358F47A}.Debug|Any CPU.ActiveCfg = Debug|Any CPU
		{EAE26A4A-8537-4687-A2D6-EA475358F47A}.Debug|Any CPU.Build.0 = Debug|Any CPU
		{EAE26A4A-8537-4687-A2D6-EA475358F47A}.Release|Any CPU.ActiveCfg = Release|Any CPU
		{EAE26A4A-8537-4687-A2D6-EA475358F47A}.Release|Any CPU.Build.0 = Release|Any CPU
		{0FD9FCA3-A70F-4412-A9DA-0545D291D50C}.Debug|Any CPU.ActiveCfg = Debug|Any CPU
		{0FD9FCA3-A70F-4412-A9DA-0545D291D50C}.Debug|Any CPU.Build.0 = Debug|Any CPU
		{0FD9FCA3-A70F-4412-A9DA-0545D291D50C}.Release|Any CPU.ActiveCfg = Release|Any CPU
		{0FD9FCA3-A70F-4412-A9DA-0545D291D50C}.Release|Any CPU.Build.0 = Release|Any CPU
		{99EBEED6-E0D2-40E6-BC42-31D0BECFE96C}.Debug|Any CPU.ActiveCfg = Debug|Any CPU
		{99EBEED6-E0D2-40E6-BC42-31D0BECFE96C}.Debug|Any CPU.Build.0 = Debug|Any CPU
		{99EBEED6-E0D2-40E6-BC42-31D0BECFE96C}.Release|Any CPU.ActiveCfg = Release|Any CPU
		{99EBEED6-E0D2-40E6-BC42-31D0BECFE96C}.Release|Any CPU.Build.0 = Release|Any CPU
		{CA5C23A8-4908-411E-8495-12170E3BACF3}.Debug|Any CPU.ActiveCfg = Debug|Any CPU
		{CA5C23A8-4908-411E-8495-12170E3BACF3}.Debug|Any CPU.Build.0 = Debug|Any CPU
		{CA5C23A8-4908-411E-8495-12170E3BACF3}.Release|Any CPU.ActiveCfg = Release|Any CPU
		{CA5C23A8-4908-411E-8495-12170E3BACF3}.Release|Any CPU.Build.0 = Release|Any CPU
	EndGlobalSection
	GlobalSection(SolutionProperties) = preSolution
		HideSolutionNode = FALSE
	EndGlobalSection
	GlobalSection(NestedProjects) = preSolution
		{89854676-501C-45AA-BF2E-BA500BC4CA72} = {066B0DA4-C07C-4F6F-A707-0943826B73A5}
		{2FC8AB03-D360-4F4E-9823-28A2012675A5} = {066B0DA4-C07C-4F6F-A707-0943826B73A5}
		{C3585E0B-78F6-46A4-9906-0266126F1DA1} = {066B0DA4-C07C-4F6F-A707-0943826B73A5}
		{6A31543E-D122-468F-A82A-DDA4BCBD42EF} = {AE056BE9-5D0A-429B-B52C-E6EC73417A7C}
		{81B2DF63-50AE-4085-A73A-B9D206BE00B5} = {AE056BE9-5D0A-429B-B52C-E6EC73417A7C}
		{92C16112-FC2D-487A-B9A0-097912200B51} = {AE056BE9-5D0A-429B-B52C-E6EC73417A7C}
		{EE785B01-68DE-47A6-829F-B6DD55016493} = {FB2F1812-1F45-42B7-9B09-444CC99852A1}
		{EE98D3C5-A105-4DE7-BA36-5C7A24DFD7DE} = {FB2F1812-1F45-42B7-9B09-444CC99852A1}
		{6DF79729-8445-46AC-B7A0-23F8EC20FE58} = {FB2F1812-1F45-42B7-9B09-444CC99852A1}
		{71A1A2A9-FF0E-464E-9A5A-86D3BCE8A9D1} = {55803837-EA53-4885-B6B9-BEF20BF2EAB0}
		{B34840D9-931A-4519-B5D0-042357637D91} = {55803837-EA53-4885-B6B9-BEF20BF2EAB0}
		{D98D4643-1A8C-4BEF-B4D2-1CF7F40F1081} = {55803837-EA53-4885-B6B9-BEF20BF2EAB0}
		{EF0E628D-9174-4482-959C-F50B3E062CC7} = {4523EF96-808C-44A9-B4E1-811B1AB4DBAF}
		{513AA74A-AA5A-4898-9645-2E34F4E6A75E} = {4523EF96-808C-44A9-B4E1-811B1AB4DBAF}
		{EAE26A4A-8537-4687-A2D6-EA475358F47A} = {4523EF96-808C-44A9-B4E1-811B1AB4DBAF}
		{0FD9FCA3-A70F-4412-A9DA-0545D291D50C} = {5AFADC9D-C8D2-4112-9714-AB243AC7A0FD}
		{99EBEED6-E0D2-40E6-BC42-31D0BECFE96C} = {5AFADC9D-C8D2-4112-9714-AB243AC7A0FD}
		{CA5C23A8-4908-411E-8495-12170E3BACF3} = {5AFADC9D-C8D2-4112-9714-AB243AC7A0FD}
	EndGlobalSection
	GlobalSection(ExtensibilityGlobals) = postSolution
		SolutionGuid = {BF20F20C-BD6D-4BE7-A124-C289F539EB8C}
	EndGlobalSection
EndGlobal
